
Microsoft Visual Studio Solution File, Format Version 12.00
# Visual Studio Version 16
VisualStudioVersion = 16.0.30114.105
MinimumVisualStudioVersion = 10.0.40219.1
Project("{FAE04EC0-301F-11D3-BF4B-00C04F79EFBC}") = "Snippets", "Snippets\Snippets.csproj", "{C62E892A-FE2D-483B-A2C2-C53A44BF67BF}"
EndProject
Project("{FAE04EC0-301F-11D3-BF4B-00C04F79EFBC}") = "Snippets.Tests", "Snippets.Tests\Snippets.Tests.csproj", "{75D3809A-FC87-44CA-9DD9-8EAC8694B1DF}"
EndProject
Global
	GlobalSection(SolutionConfigurationPlatforms) = preSolution
		Debug|Any CPU = Debug|Any CPU
		Debug|x64 = Debug|x64
		Debug|x86 = Debug|x86
		Release|Any CPU = Release|Any CPU
		Release|x64 = Release|x64
		Release|x86 = Release|x86
	EndGlobalSection
	GlobalSection(SolutionProperties) = preSolution
		HideSolutionNode = FALSE
	EndGlobalSection
	GlobalSection(ProjectConfigurationPlatforms) = postSolution
		{C62E892A-FE2D-483B-A2C2-C53A44BF67BF}.Debug|Any CPU.ActiveCfg = Debug|Any CPU
		{C62E892A-FE2D-483B-A2C2-C53A44BF67BF}.Debug|Any CPU.Build.0 = Debug|Any CPU
		{C62E892A-FE2D-483B-A2C2-C53A44BF67BF}.Debug|x64.ActiveCfg = Debug|Any CPU
		{C62E892A-FE2D-483B-A2C2-C53A44BF67BF}.Debug|x64.Build.0 = Debug|Any CPU
		{C62E892A-FE2D-483B-A2C2-C53A44BF67BF}.Debug|x86.ActiveCfg = Debug|Any CPU
		{C62E892A-FE2D-483B-A2C2-C53A44BF67BF}.Debug|x86.Build.0 = Debug|Any CPU
		{C62E892A-FE2D-483B-A2C2-C53A44BF67BF}.Release|Any CPU.ActiveCfg = Release|Any CPU
		{C62E892A-FE2D-483B-A2C2-C53A44BF67BF}.Release|Any CPU.Build.0 = Release|Any CPU
		{C62E892A-FE2D-483B-A2C2-C53A44BF67BF}.Release|x64.ActiveCfg = Release|Any CPU
		{C62E892A-FE2D-483B-A2C2-C53A44BF67BF}.Release|x64.Build.0 = Release|Any CPU
		{C62E892A-FE2D-483B-A2C2-C53A44BF67BF}.Release|x86.ActiveCfg = Release|Any CPU
		{C62E892A-FE2D-483B-A2C2-C53A44BF67BF}.Release|x86.Build.0 = Release|Any CPU
		{75D3809A-FC87-44CA-9DD9-8EAC8694B1DF}.Debug|Any CPU.ActiveCfg = Debug|Any CPU
		{75D3809A-FC87-44CA-9DD9-8EAC8694B1DF}.Debug|Any CPU.Build.0 = Debug|Any CPU
		{75D3809A-FC87-44CA-9DD9-8EAC8694B1DF}.Debug|x64.ActiveCfg = Debug|Any CPU
		{75D3809A-FC87-44CA-9DD9-8EAC8694B1DF}.Debug|x64.Build.0 = Debug|Any CPU
		{75D3809A-FC87-44CA-9DD9-8EAC8694B1DF}.Debug|x86.ActiveCfg = Debug|Any CPU
		{75D3809A-FC87-44CA-9DD9-8EAC8694B1DF}.Debug|x86.Build.0 = Debug|Any CPU
		{75D3809A-FC87-44CA-9DD9-8EAC8694B1DF}.Release|Any CPU.ActiveCfg = Release|Any CPU
		{75D3809A-FC87-44CA-9DD9-8EAC8694B1DF}.Release|Any CPU.Build.0 = Release|Any CPU
		{75D3809A-FC87-44CA-9DD9-8EAC8694B1DF}.Release|x64.ActiveCfg = Release|Any CPU
		{75D3809A-FC87-44CA-9DD9-8EAC8694B1DF}.Release|x64.Build.0 = Release|Any CPU
		{75D3809A-FC87-44CA-9DD9-8EAC8694B1DF}.Release|x86.ActiveCfg = Release|Any CPU
		{75D3809A-FC87-44CA-9DD9-8EAC8694B1DF}.Release|x86.Build.0 = Release|Any CPU
	EndGlobalSection
EndGlobal
